// !$*UTF8*$!
{
	archiveVersion = 1;
	classes = {
	};
	objectVersion = 77;
	objects = {

/* Begin PBXBuildFile section */
		A5219A3A2CD7D1FC005E026E /* Auth in Frameworks */ = {isa = PBXBuildFile; productRef = A5219A392CD7D1FC005E026E /* Auth */; };
		A5219A3C2CD7D1FC005E026E /* Storage in Frameworks */ = {isa = PBXBuildFile; productRef = A5219A3B2CD7D1FC005E026E /* Storage */; };
		A5219A3E2CD7D1FC005E026E /* Supabase in Frameworks */ = {isa = PBXBuildFile; productRef = A5219A3D2CD7D1FC005E026E /* Supabase */; };
/* End PBXBuildFile section */

/* Begin PBXContainerItemProxy section */
		A59F7D992CD67A0900EE93CF /* PBXContainerItemProxy */ = {
			isa = PBXContainerItemProxy;
			containerPortal = A59F7D7E2CD67A0700EE93CF /* Project object */;
			proxyType = 1;
			remoteGlobalIDString = A59F7D852CD67A0700EE93CF;
			remoteInfo = "Cat-egorize";
		};
		A59F7DA32CD67A0900EE93CF /* PBXContainerItemProxy */ = {
			isa = PBXContainerItemProxy;
			containerPortal = A59F7D7E2CD67A0700EE93CF /* Project object */;
			proxyType = 1;
			remoteGlobalIDString = A59F7D852CD67A0700EE93CF;
			remoteInfo = "Cat-egorize";
		};
/* End PBXContainerItemProxy section */

/* Begin PBXFileReference section */
		A59F7D862CD67A0700EE93CF /* Cat-egorize.app */ = {isa = PBXFileReference; explicitFileType = wrapper.application; includeInIndex = 0; path = "Cat-egorize.app"; sourceTree = BUILT_PRODUCTS_DIR; };
		A59F7D982CD67A0900EE93CF /* Cat-egorizeTests.xctest */ = {isa = PBXFileReference; explicitFileType = wrapper.cfbundle; includeInIndex = 0; path = "Cat-egorizeTests.xctest"; sourceTree = BUILT_PRODUCTS_DIR; };
		A59F7DA22CD67A0900EE93CF /* Cat-egorizeUITests.xctest */ = {isa = PBXFileReference; explicitFileType = wrapper.cfbundle; includeInIndex = 0; path = "Cat-egorizeUITests.xctest"; sourceTree = BUILT_PRODUCTS_DIR; };
/* End PBXFileReference section */

/* Begin PBXFileSystemSynchronizedRootGroup section */
		84FF17472CD6830700D97EDB /* Models */ = {
			isa = PBXFileSystemSynchronizedRootGroup;
			path = Models;
			sourceTree = "<group>";
		};
		A59F7D882CD67A0700EE93CF /* Cat-egorize */ = {
			isa = PBXFileSystemSynchronizedRootGroup;
			path = "Cat-egorize";
			sourceTree = "<group>";
		};
		A59F7D9B2CD67A0900EE93CF /* Cat-egorizeTests */ = {
			isa = PBXFileSystemSynchronizedRootGroup;
			path = "Cat-egorizeTests";
			sourceTree = "<group>";
		};
		A59F7DA52CD67A0900EE93CF /* Cat-egorizeUITests */ = {
			isa = PBXFileSystemSynchronizedRootGroup;
			path = "Cat-egorizeUITests";
			sourceTree = "<group>";
		};
/* End PBXFileSystemSynchronizedRootGroup section */

/* Begin PBXFrameworksBuildPhase section */
		A59F7D832CD67A0700EE93CF /* Frameworks */ = {
			isa = PBXFrameworksBuildPhase;
			buildActionMask = 2147483647;
			files = (
				A5219A3C2CD7D1FC005E026E /* Storage in Frameworks */,
				A5219A3A2CD7D1FC005E026E /* Auth in Frameworks */,
				A5219A3E2CD7D1FC005E026E /* Supabase in Frameworks */,
			);
			runOnlyForDeploymentPostprocessing = 0;
		};
		A59F7D952CD67A0900EE93CF /* Frameworks */ = {
			isa = PBXFrameworksBuildPhase;
			buildActionMask = 2147483647;
			files = (
			);
			runOnlyForDeploymentPostprocessing = 0;
		};
		A59F7D9F2CD67A0900EE93CF /* Frameworks */ = {
			isa = PBXFrameworksBuildPhase;
			buildActionMask = 2147483647;
			files = (
			);
			runOnlyForDeploymentPostprocessing = 0;
		};
/* End PBXFrameworksBuildPhase section */

/* Begin PBXGroup section */
		A59F7D7D2CD67A0700EE93CF = {
			isa = PBXGroup;
			children = (
				A59F7D882CD67A0700EE93CF /* Cat-egorize */,
				A59F7D9B2CD67A0900EE93CF /* Cat-egorizeTests */,
				A59F7DA52CD67A0900EE93CF /* Cat-egorizeUITests */,
				A59F7D872CD67A0700EE93CF /* Products */,
				84FF17472CD6830700D97EDB /* Models */,
			);
			sourceTree = "<group>";
		};
		A59F7D872CD67A0700EE93CF /* Products */ = {
			isa = PBXGroup;
			children = (
				A59F7D862CD67A0700EE93CF /* Cat-egorize.app */,
				A59F7D982CD67A0900EE93CF /* Cat-egorizeTests.xctest */,
				A59F7DA22CD67A0900EE93CF /* Cat-egorizeUITests.xctest */,
			);
			name = Products;
			sourceTree = "<group>";
		};
/* End PBXGroup section */

/* Begin PBXNativeTarget section */
		A59F7D852CD67A0700EE93CF /* Cat-egorize */ = {
			isa = PBXNativeTarget;
			buildConfigurationList = A59F7DAC2CD67A0900EE93CF /* Build configuration list for PBXNativeTarget "Cat-egorize" */;
			buildPhases = (
				A59F7D822CD67A0700EE93CF /* Sources */,
				A59F7D832CD67A0700EE93CF /* Frameworks */,
				A59F7D842CD67A0700EE93CF /* Resources */,
			);
			buildRules = (
			);
			dependencies = (
			);
			fileSystemSynchronizedGroups = (
				84FF17472CD6830700D97EDB /* Models */,
				A59F7D882CD67A0700EE93CF /* Cat-egorize */,
			);
			name = "Cat-egorize";
			packageProductDependencies = (
				A5219A392CD7D1FC005E026E /* Auth */,
				A5219A3B2CD7D1FC005E026E /* Storage */,
				A5219A3D2CD7D1FC005E026E /* Supabase */,
			);
			productName = "Cat-egorize";
			productReference = A59F7D862CD67A0700EE93CF /* Cat-egorize.app */;
			productType = "com.apple.product-type.application";
		};
		A59F7D972CD67A0900EE93CF /* Cat-egorizeTests */ = {
			isa = PBXNativeTarget;
			buildConfigurationList = A59F7DAF2CD67A0900EE93CF /* Build configuration list for PBXNativeTarget "Cat-egorizeTests" */;
			buildPhases = (
				A59F7D942CD67A0900EE93CF /* Sources */,
				A59F7D952CD67A0900EE93CF /* Frameworks */,
				A59F7D962CD67A0900EE93CF /* Resources */,
			);
			buildRules = (
			);
			dependencies = (
				A59F7D9A2CD67A0900EE93CF /* PBXTargetDependency */,
			);
			fileSystemSynchronizedGroups = (
				A59F7D9B2CD67A0900EE93CF /* Cat-egorizeTests */,
			);
			name = "Cat-egorizeTests";
			packageProductDependencies = (
			);
			productName = "Cat-egorizeTests";
			productReference = A59F7D982CD67A0900EE93CF /* Cat-egorizeTests.xctest */;
			productType = "com.apple.product-type.bundle.unit-test";
		};
		A59F7DA12CD67A0900EE93CF /* Cat-egorizeUITests */ = {
			isa = PBXNativeTarget;
			buildConfigurationList = A59F7DB22CD67A0900EE93CF /* Build configuration list for PBXNativeTarget "Cat-egorizeUITests" */;
			buildPhases = (
				A59F7D9E2CD67A0900EE93CF /* Sources */,
				A59F7D9F2CD67A0900EE93CF /* Frameworks */,
				A59F7DA02CD67A0900EE93CF /* Resources */,
			);
			buildRules = (
			);
			dependencies = (
				A59F7DA42CD67A0900EE93CF /* PBXTargetDependency */,
			);
			fileSystemSynchronizedGroups = (
				A59F7DA52CD67A0900EE93CF /* Cat-egorizeUITests */,
			);
			name = "Cat-egorizeUITests";
			packageProductDependencies = (
			);
			productName = "Cat-egorizeUITests";
			productReference = A59F7DA22CD67A0900EE93CF /* Cat-egorizeUITests.xctest */;
			productType = "com.apple.product-type.bundle.ui-testing";
		};
/* End PBXNativeTarget section */

/* Begin PBXProject section */
		A59F7D7E2CD67A0700EE93CF /* Project object */ = {
			isa = PBXProject;
			attributes = {
				BuildIndependentTargetsInParallel = 1;
				LastSwiftUpdateCheck = 1600;
				LastUpgradeCheck = 1600;
				TargetAttributes = {
					A59F7D852CD67A0700EE93CF = {
						CreatedOnToolsVersion = 16.0;
					};
					A59F7D972CD67A0900EE93CF = {
						CreatedOnToolsVersion = 16.0;
						TestTargetID = A59F7D852CD67A0700EE93CF;
					};
					A59F7DA12CD67A0900EE93CF = {
						CreatedOnToolsVersion = 16.0;
						TestTargetID = A59F7D852CD67A0700EE93CF;
					};
				};
			};
			buildConfigurationList = A59F7D812CD67A0700EE93CF /* Build configuration list for PBXProject "Cat-egorize" */;
			developmentRegion = en;
			hasScannedForEncodings = 0;
			knownRegions = (
				en,
				Base,
			);
			mainGroup = A59F7D7D2CD67A0700EE93CF;
			minimizedProjectReferenceProxies = 1;
			packageReferences = (
				A5219A382CD7D1FC005E026E /* XCRemoteSwiftPackageReference "supabase-swift" */,
			);
			preferredProjectObjectVersion = 77;
			productRefGroup = A59F7D872CD67A0700EE93CF /* Products */;
			projectDirPath = "";
			projectRoot = "";
			targets = (
				A59F7D852CD67A0700EE93CF /* Cat-egorize */,
				A59F7D972CD67A0900EE93CF /* Cat-egorizeTests */,
				A59F7DA12CD67A0900EE93CF /* Cat-egorizeUITests */,
			);
		};
/* End PBXProject section */

/* Begin PBXResourcesBuildPhase section */
		A59F7D842CD67A0700EE93CF /* Resources */ = {
			isa = PBXResourcesBuildPhase;
			buildActionMask = 2147483647;
			files = (
			);
			runOnlyForDeploymentPostprocessing = 0;
		};
		A59F7D962CD67A0900EE93CF /* Resources */ = {
			isa = PBXResourcesBuildPhase;
			buildActionMask = 2147483647;
			files = (
			);
			runOnlyForDeploymentPostprocessing = 0;
		};
		A59F7DA02CD67A0900EE93CF /* Resources */ = {
			isa = PBXResourcesBuildPhase;
			buildActionMask = 2147483647;
			files = (
			);
			runOnlyForDeploymentPostprocessing = 0;
		};
/* End PBXResourcesBuildPhase section */

/* Begin PBXSourcesBuildPhase section */
		A59F7D822CD67A0700EE93CF /* Sources */ = {
			isa = PBXSourcesBuildPhase;
			buildActionMask = 2147483647;
			files = (
			);
			runOnlyForDeploymentPostprocessing = 0;
		};
		A59F7D942CD67A0900EE93CF /* Sources */ = {
			isa = PBXSourcesBuildPhase;
			buildActionMask = 2147483647;
			files = (
			);
			runOnlyForDeploymentPostprocessing = 0;
		};
		A59F7D9E2CD67A0900EE93CF /* Sources */ = {
			isa = PBXSourcesBuildPhase;
			buildActionMask = 2147483647;
			files = (
			);
			runOnlyForDeploymentPostprocessing = 0;
		};
/* End PBXSourcesBuildPhase section */

/* Begin PBXTargetDependency section */
		A59F7D9A2CD67A0900EE93CF /* PBXTargetDependency */ = {
			isa = PBXTargetDependency;
			target = A59F7D852CD67A0700EE93CF /* Cat-egorize */;
			targetProxy = A59F7D992CD67A0900EE93CF /* PBXContainerItemProxy */;
		};
		A59F7DA42CD67A0900EE93CF /* PBXTargetDependency */ = {
			isa = PBXTargetDependency;
			target = A59F7D852CD67A0700EE93CF /* Cat-egorize */;
			targetProxy = A59F7DA32CD67A0900EE93CF /* PBXContainerItemProxy */;
		};
/* End PBXTargetDependency section */

/* Begin XCBuildConfiguration section */
		A59F7DAA2CD67A0900EE93CF /* Debug */ = {
			isa = XCBuildConfiguration;
			buildSettings = {
				ALWAYS_SEARCH_USER_PATHS = NO;
				ASSETCATALOG_COMPILER_GENERATE_SWIFT_ASSET_SYMBOL_EXTENSIONS = YES;
				CLANG_ANALYZER_NONNULL = YES;
				CLANG_ANALYZER_NUMBER_OBJECT_CONVERSION = YES_AGGRESSIVE;
				CLANG_CXX_LANGUAGE_STANDARD = "gnu++20";
				CLANG_ENABLE_MODULES = YES;
				CLANG_ENABLE_OBJC_ARC = YES;
				CLANG_ENABLE_OBJC_WEAK = YES;
				CLANG_WARN_BLOCK_CAPTURE_AUTORELEASING = YES;
				CLANG_WARN_BOOL_CONVERSION = YES;
				CLANG_WARN_COMMA = YES;
				CLANG_WARN_CONSTANT_CONVERSION = YES;
				CLANG_WARN_DEPRECATED_OBJC_IMPLEMENTATIONS = YES;
				CLANG_WARN_DIRECT_OBJC_ISA_USAGE = YES_ERROR;
				CLANG_WARN_DOCUMENTATION_COMMENTS = YES;
				CLANG_WARN_EMPTY_BODY = YES;
				CLANG_WARN_ENUM_CONVERSION = YES;
				CLANG_WARN_INFINITE_RECURSION = YES;
				CLANG_WARN_INT_CONVERSION = YES;
				CLANG_WARN_NON_LITERAL_NULL_CONVERSION = YES;
				CLANG_WARN_OBJC_IMPLICIT_RETAIN_SELF = YES;
				CLANG_WARN_OBJC_LITERAL_CONVERSION = YES;
				CLANG_WARN_OBJC_ROOT_CLASS = YES_ERROR;
				CLANG_WARN_QUOTED_INCLUDE_IN_FRAMEWORK_HEADER = YES;
				CLANG_WARN_RANGE_LOOP_ANALYSIS = YES;
				CLANG_WARN_STRICT_PROTOTYPES = YES;
				CLANG_WARN_SUSPICIOUS_MOVE = YES;
				CLANG_WARN_UNGUARDED_AVAILABILITY = YES_AGGRESSIVE;
				CLANG_WARN_UNREACHABLE_CODE = YES;
				CLANG_WARN__DUPLICATE_METHOD_MATCH = YES;
				COPY_PHASE_STRIP = NO;
				DEBUG_INFORMATION_FORMAT = dwarf;
				ENABLE_STRICT_OBJC_MSGSEND = YES;
				ENABLE_TESTABILITY = YES;
				ENABLE_USER_SCRIPT_SANDBOXING = YES;
				GCC_C_LANGUAGE_STANDARD = gnu17;
				GCC_DYNAMIC_NO_PIC = NO;
				GCC_NO_COMMON_BLOCKS = YES;
				GCC_OPTIMIZATION_LEVEL = 0;
				GCC_PREPROCESSOR_DEFINITIONS = (
					"DEBUG=1",
					"$(inherited)",
				);
				GCC_WARN_64_TO_32_BIT_CONVERSION = YES;
				GCC_WARN_ABOUT_RETURN_TYPE = YES_ERROR;
				GCC_WARN_UNDECLARED_SELECTOR = YES;
				GCC_WARN_UNINITIALIZED_AUTOS = YES_AGGRESSIVE;
				GCC_WARN_UNUSED_FUNCTION = YES;
				GCC_WARN_UNUSED_VARIABLE = YES;
				IPHONEOS_DEPLOYMENT_TARGET = 18.0;
				LOCALIZATION_PREFERS_STRING_CATALOGS = YES;
				MTL_ENABLE_DEBUG_INFO = INCLUDE_SOURCE;
				MTL_FAST_MATH = YES;
				ONLY_ACTIVE_ARCH = YES;
				SDKROOT = iphoneos;
				SWIFT_ACTIVE_COMPILATION_CONDITIONS = "DEBUG $(inherited)";
				SWIFT_OPTIMIZATION_LEVEL = "-Onone";
			};
			name = Debug;
		};
		A59F7DAB2CD67A0900EE93CF /* Release */ = {
			isa = XCBuildConfiguration;
			buildSettings = {
				ALWAYS_SEARCH_USER_PATHS = NO;
				ASSETCATALOG_COMPILER_GENERATE_SWIFT_ASSET_SYMBOL_EXTENSIONS = YES;
				CLANG_ANALYZER_NONNULL = YES;
				CLANG_ANALYZER_NUMBER_OBJECT_CONVERSION = YES_AGGRESSIVE;
				CLANG_CXX_LANGUAGE_STANDARD = "gnu++20";
				CLANG_ENABLE_MODULES = YES;
				CLANG_ENABLE_OBJC_ARC = YES;
				CLANG_ENABLE_OBJC_WEAK = YES;
				CLANG_WARN_BLOCK_CAPTURE_AUTORELEASING = YES;
				CLANG_WARN_BOOL_CONVERSION = YES;
				CLANG_WARN_COMMA = YES;
				CLANG_WARN_CONSTANT_CONVERSION = YES;
				CLANG_WARN_DEPRECATED_OBJC_IMPLEMENTATIONS = YES;
				CLANG_WARN_DIRECT_OBJC_ISA_USAGE = YES_ERROR;
				CLANG_WARN_DOCUMENTATION_COMMENTS = YES;
				CLANG_WARN_EMPTY_BODY = YES;
				CLANG_WARN_ENUM_CONVERSION = YES;
				CLANG_WARN_INFINITE_RECURSION = YES;
				CLANG_WARN_INT_CONVERSION = YES;
				CLANG_WARN_NON_LITERAL_NULL_CONVERSION = YES;
				CLANG_WARN_OBJC_IMPLICIT_RETAIN_SELF = YES;
				CLANG_WARN_OBJC_LITERAL_CONVERSION = YES;
				CLANG_WARN_OBJC_ROOT_CLASS = YES_ERROR;
				CLANG_WARN_QUOTED_INCLUDE_IN_FRAMEWORK_HEADER = YES;
				CLANG_WARN_RANGE_LOOP_ANALYSIS = YES;
				CLANG_WARN_STRICT_PROTOTYPES = YES;
				CLANG_WARN_SUSPICIOUS_MOVE = YES;
				CLANG_WARN_UNGUARDED_AVAILABILITY = YES_AGGRESSIVE;
				CLANG_WARN_UNREACHABLE_CODE = YES;
				CLANG_WARN__DUPLICATE_METHOD_MATCH = YES;
				COPY_PHASE_STRIP = NO;
				DEBUG_INFORMATION_FORMAT = "dwarf-with-dsym";
				ENABLE_NS_ASSERTIONS = NO;
				ENABLE_STRICT_OBJC_MSGSEND = YES;
				ENABLE_USER_SCRIPT_SANDBOXING = YES;
				GCC_C_LANGUAGE_STANDARD = gnu17;
				GCC_NO_COMMON_BLOCKS = YES;
				GCC_WARN_64_TO_32_BIT_CONVERSION = YES;
				GCC_WARN_ABOUT_RETURN_TYPE = YES_ERROR;
				GCC_WARN_UNDECLARED_SELECTOR = YES;
				GCC_WARN_UNINITIALIZED_AUTOS = YES_AGGRESSIVE;
				GCC_WARN_UNUSED_FUNCTION = YES;
				GCC_WARN_UNUSED_VARIABLE = YES;
				IPHONEOS_DEPLOYMENT_TARGET = 18.0;
				LOCALIZATION_PREFERS_STRING_CATALOGS = YES;
				MTL_ENABLE_DEBUG_INFO = NO;
				MTL_FAST_MATH = YES;
				SDKROOT = iphoneos;
				SWIFT_COMPILATION_MODE = wholemodule;
				VALIDATE_PRODUCT = YES;
			};
			name = Release;
		};
		A59F7DAD2CD67A0900EE93CF /* Debug */ = {
			isa = XCBuildConfiguration;
			buildSettings = {
				ASSETCATALOG_COMPILER_APPICON_NAME = AppIcon;
				ASSETCATALOG_COMPILER_GLOBAL_ACCENT_COLOR_NAME = AccentColor;
				CODE_SIGN_STYLE = Automatic;
				CURRENT_PROJECT_VERSION = 1;
				DEVELOPMENT_ASSET_PATHS = "\"Cat-egorize/Preview Content\"";
				DEVELOPMENT_TEAM = 9L87CHM9RG;
				ENABLE_PREVIEWS = YES;
				GENERATE_INFOPLIST_FILE = YES;
				INFOPLIST_KEY_NSCameraUsageDescription = "We need access to the camera for cat pics.";
				INFOPLIST_KEY_UIApplicationSceneManifest_Generation = YES;
				INFOPLIST_KEY_UIApplicationSupportsIndirectInputEvents = YES;
				INFOPLIST_KEY_UILaunchScreen_Generation = YES;
				INFOPLIST_KEY_UISupportedInterfaceOrientations_iPad = "UIInterfaceOrientationPortrait UIInterfaceOrientationPortraitUpsideDown UIInterfaceOrientationLandscapeLeft UIInterfaceOrientationLandscapeRight";
				INFOPLIST_KEY_UISupportedInterfaceOrientations_iPhone = "UIInterfaceOrientationPortrait UIInterfaceOrientationLandscapeLeft UIInterfaceOrientationLandscapeRight";
				LD_RUNPATH_SEARCH_PATHS = (
					"$(inherited)",
					"@executable_path/Frameworks",
				);
				MARKETING_VERSION = 1.0;
				PRODUCT_BUNDLE_IDENTIFIER = cat.tumi.dev;
				PRODUCT_NAME = "$(TARGET_NAME)";
				SWIFT_EMIT_LOC_STRINGS = YES;
				SWIFT_VERSION = 5.0;
				TARGETED_DEVICE_FAMILY = "1,2";
			};
			name = Debug;
		};
		A59F7DAE2CD67A0900EE93CF /* Release */ = {
			isa = XCBuildConfiguration;
			buildSettings = {
				ASSETCATALOG_COMPILER_APPICON_NAME = AppIcon;
				ASSETCATALOG_COMPILER_GLOBAL_ACCENT_COLOR_NAME = AccentColor;
				CODE_SIGN_STYLE = Automatic;
				CURRENT_PROJECT_VERSION = 1;
				DEVELOPMENT_ASSET_PATHS = "\"Cat-egorize/Preview Content\"";
				DEVELOPMENT_TEAM = 9L87CHM9RG;
				ENABLE_PREVIEWS = YES;
				GENERATE_INFOPLIST_FILE = YES;
				INFOPLIST_KEY_NSCameraUsageDescription = "We need access to the camera for cat pics.";
				INFOPLIST_KEY_UIApplicationSceneManifest_Generation = YES;
				INFOPLIST_KEY_UIApplicationSupportsIndirectInputEvents = YES;
				INFOPLIST_KEY_UILaunchScreen_Generation = YES;
				INFOPLIST_KEY_UISupportedInterfaceOrientations_iPad = "UIInterfaceOrientationPortrait UIInterfaceOrientationPortraitUpsideDown UIInterfaceOrientationLandscapeLeft UIInterfaceOrientationLandscapeRight";
				INFOPLIST_KEY_UISupportedInterfaceOrientations_iPhone = "UIInterfaceOrientationPortrait UIInterfaceOrientationLandscapeLeft UIInterfaceOrientationLandscapeRight";
				LD_RUNPATH_SEARCH_PATHS = (
					"$(inherited)",
					"@executable_path/Frameworks",
				);
				MARKETING_VERSION = 1.0;
				PRODUCT_BUNDLE_IDENTIFIER = cat.tumi.dev;
				PRODUCT_NAME = "$(TARGET_NAME)";
				SWIFT_EMIT_LOC_STRINGS = YES;
				SWIFT_VERSION = 5.0;
				TARGETED_DEVICE_FAMILY = "1,2";
			};
			name = Release;
		};
		A59F7DB02CD67A0900EE93CF /* Debug */ = {
			isa = XCBuildConfiguration;
			buildSettings = {
				BUNDLE_LOADER = "$(TEST_HOST)";
				CODE_SIGN_STYLE = Automatic;
				CURRENT_PROJECT_VERSION = 1;
				DEVELOPMENT_TEAM = 9L87CHM9RG;
				GENERATE_INFOPLIST_FILE = YES;
				IPHONEOS_DEPLOYMENT_TARGET = 18.0;
				MARKETING_VERSION = 1.0;
				PRODUCT_BUNDLE_IDENTIFIER = "sanguinare.dev.Cat-egorizeTests";
				PRODUCT_NAME = "$(TARGET_NAME)";
				SWIFT_EMIT_LOC_STRINGS = NO;
				SWIFT_VERSION = 5.0;
				TARGETED_DEVICE_FAMILY = "1,2";
				TEST_HOST = "$(BUILT_PRODUCTS_DIR)/Cat-egorize.app/$(BUNDLE_EXECUTABLE_FOLDER_PATH)/Cat-egorize";
			};
			name = Debug;
		};
		A59F7DB12CD67A0900EE93CF /* Release */ = {
			isa = XCBuildConfiguration;
			buildSettings = {
				BUNDLE_LOADER = "$(TEST_HOST)";
				CODE_SIGN_STYLE = Automatic;
				CURRENT_PROJECT_VERSION = 1;
				DEVELOPMENT_TEAM = 9L87CHM9RG;
				GENERATE_INFOPLIST_FILE = YES;
				IPHONEOS_DEPLOYMENT_TARGET = 18.0;
				MARKETING_VERSION = 1.0;
				PRODUCT_BUNDLE_IDENTIFIER = "sanguinare.dev.Cat-egorizeTests";
				PRODUCT_NAME = "$(TARGET_NAME)";
				SWIFT_EMIT_LOC_STRINGS = NO;
				SWIFT_VERSION = 5.0;
				TARGETED_DEVICE_FAMILY = "1,2";
				TEST_HOST = "$(BUILT_PRODUCTS_DIR)/Cat-egorize.app/$(BUNDLE_EXECUTABLE_FOLDER_PATH)/Cat-egorize";
			};
			name = Release;
		};
		A59F7DB32CD67A0900EE93CF /* Debug */ = {
			isa = XCBuildConfiguration;
			buildSettings = {
				CODE_SIGN_STYLE = Automatic;
				CURRENT_PROJECT_VERSION = 1;
				DEVELOPMENT_TEAM = 9L87CHM9RG;
				GENERATE_INFOPLIST_FILE = YES;
				MARKETING_VERSION = 1.0;
				PRODUCT_BUNDLE_IDENTIFIER = "sanguinare.dev.Cat-egorizeUITests";
				PRODUCT_NAME = "$(TARGET_NAME)";
				SWIFT_EMIT_LOC_STRINGS = NO;
				SWIFT_VERSION = 5.0;
				TARGETED_DEVICE_FAMILY = "1,2";
				TEST_TARGET_NAME = "Cat-egorize";
			};
			name = Debug;
		};
		A59F7DB42CD67A0900EE93CF /* Release */ = {
			isa = XCBuildConfiguration;
			buildSettings = {
				CODE_SIGN_STYLE = Automatic;
				CURRENT_PROJECT_VERSION = 1;
				DEVELOPMENT_TEAM = 9L87CHM9RG;
				GENERATE_INFOPLIST_FILE = YES;
				MARKETING_VERSION = 1.0;
				PRODUCT_BUNDLE_IDENTIFIER = "sanguinare.dev.Cat-egorizeUITests";
				PRODUCT_NAME = "$(TARGET_NAME)";
				SWIFT_EMIT_LOC_STRINGS = NO;
				SWIFT_VERSION = 5.0;
				TARGETED_DEVICE_FAMILY = "1,2";
				TEST_TARGET_NAME = "Cat-egorize";
			};
			name = Release;
		};
/* End XCBuildConfiguration section */

/* Begin XCConfigurationList section */
		A59F7D812CD67A0700EE93CF /* Build configuration list for PBXProject "Cat-egorize" */ = {
			isa = XCConfigurationList;
			buildConfigurations = (
				A59F7DAA2CD67A0900EE93CF /* Debug */,
				A59F7DAB2CD67A0900EE93CF /* Release */,
			);
			defaultConfigurationIsVisible = 0;
			defaultConfigurationName = Release;
		};
		A59F7DAC2CD67A0900EE93CF /* Build configuration list for PBXNativeTarget "Cat-egorize" */ = {
			isa = XCConfigurationList;
			buildConfigurations = (
				A59F7DAD2CD67A0900EE93CF /* Debug */,
				A59F7DAE2CD67A0900EE93CF /* Release */,
			);
			defaultConfigurationIsVisible = 0;
			defaultConfigurationName = Release;
		};
		A59F7DAF2CD67A0900EE93CF /* Build configuration list for PBXNativeTarget "Cat-egorizeTests" */ = {
			isa = XCConfigurationList;
			buildConfigurations = (
				A59F7DB02CD67A0900EE93CF /* Debug */,
				A59F7DB12CD67A0900EE93CF /* Release */,
			);
			defaultConfigurationIsVisible = 0;
			defaultConfigurationName = Release;
		};
		A59F7DB22CD67A0900EE93CF /* Build configuration list for PBXNativeTarget "Cat-egorizeUITests" */ = {
			isa = XCConfigurationList;
			buildConfigurations = (
				A59F7DB32CD67A0900EE93CF /* Debug */,
				A59F7DB42CD67A0900EE93CF /* Release */,
			);
			defaultConfigurationIsVisible = 0;
			defaultConfigurationName = Release;
		};
/* End XCConfigurationList section */

/* Begin XCRemoteSwiftPackageReference section */
		A5219A382CD7D1FC005E026E /* XCRemoteSwiftPackageReference "supabase-swift" */ = {
			isa = XCRemoteSwiftPackageReference;
			repositoryURL = "https://github.com/supabase/supabase-swift";
			requirement = {
				kind = upToNextMajorVersion;
				minimumVersion = 2.5.1;
			};
		};
/* End XCRemoteSwiftPackageReference section */

/* Begin XCSwiftPackageProductDependency section */
		A5219A392CD7D1FC005E026E /* Auth */ = {
			isa = XCSwiftPackageProductDependency;
			package = A5219A382CD7D1FC005E026E /* XCRemoteSwiftPackageReference "supabase-swift" */;
			productName = Auth;
		};
		A5219A3B2CD7D1FC005E026E /* Storage */ = {
			isa = XCSwiftPackageProductDependency;
			package = A5219A382CD7D1FC005E026E /* XCRemoteSwiftPackageReference "supabase-swift" */;
			productName = Storage;
		};
		A5219A3D2CD7D1FC005E026E /* Supabase */ = {
			isa = XCSwiftPackageProductDependency;
			package = A5219A382CD7D1FC005E026E /* XCRemoteSwiftPackageReference "supabase-swift" */;
			productName = Supabase;
		};
/* End XCSwiftPackageProductDependency section */
	};
	rootObject = A59F7D7E2CD67A0700EE93CF /* Project object */;
}
